// !$*UTF8*$!
{
	archiveVersion = 1;
	classes = {
	};
	objectVersion = 54;
	objects = {

/* Begin PBXBuildFile section */
		0E7B3F3B61806BA5BE647A07 /* InputGuardApp.swift in Sources */ = {isa = PBXBuildFile; fileRef = CCEBC4BD2E73E75021872F6F /* InputGuardApp.swift */; };
		431F1FA65A5FDD02550DA83E /* CoreAudio.framework in Frameworks */ = {isa = PBXBuildFile; fileRef = B3ED530F1E72F3764FFE74E4 /* CoreAudio.framework */; };
		65842F2EAB5298249AC31930 /* AudioDeviceController.swift in Sources */ = {isa = PBXBuildFile; fileRef = 04A0FF023FD7FD47C679911F /* AudioDeviceController.swift */; };
		82B5841E549B01EB4C9A824D /* SettingsView.swift in Sources */ = {isa = PBXBuildFile; fileRef = 1B875013B581A1E0F7D075B3 /* SettingsView.swift */; };
		831D32F9C4C755960CFF7C47 /* ServiceManagement.framework in Frameworks */ = {isa = PBXBuildFile; fileRef = 727B55211ED9839AC8293819 /* ServiceManagement.framework */; };
		AEA60A22D2D176413A43DEB4 /* MenuBarContent.swift in Sources */ = {isa = PBXBuildFile; fileRef = 08742807782F36170F987343 /* MenuBarContent.swift */; };
		D1E9D720334AB7B89E4BF66A /* AppModel.swift in Sources */ = {isa = PBXBuildFile; fileRef = ABBFE071054B21CB07F99938 /* AppModel.swift */; };
		E162EA722201F42F623EF25D /* AudioDevice.swift in Sources */ = {isa = PBXBuildFile; fileRef = D939A364DFFACD1B2A6CAE9F /* AudioDevice.swift */; };
/* End PBXBuildFile section */

/* Begin PBXFileReference section */
		04A0FF023FD7FD47C679911F /* AudioDeviceController.swift */ = {isa = PBXFileReference; lastKnownFileType = sourcecode.swift; path = AudioDeviceController.swift; sourceTree = "<group>"; };
		08742807782F36170F987343 /* MenuBarContent.swift */ = {isa = PBXFileReference; lastKnownFileType = sourcecode.swift; path = MenuBarContent.swift; sourceTree = "<group>"; };
		1B875013B581A1E0F7D075B3 /* SettingsView.swift */ = {isa = PBXFileReference; lastKnownFileType = sourcecode.swift; path = SettingsView.swift; sourceTree = "<group>"; };
		44CD0B8DF028B73EBE8C5A66 /* Info.plist */ = {isa = PBXFileReference; lastKnownFileType = text.plist; path = Info.plist; sourceTree = "<group>"; };
		5F43BD3A590615E155B259B3 /* InputGuard.app */ = {isa = PBXFileReference; explicitFileType = wrapper.application; includeInIndex = 0; path = InputGuard.app; sourceTree = BUILT_PRODUCTS_DIR; };
		727B55211ED9839AC8293819 /* ServiceManagement.framework */ = {isa = PBXFileReference; lastKnownFileType = wrapper.framework; name = ServiceManagement.framework; path = System/Library/Frameworks/ServiceManagement.framework; sourceTree = SDKROOT; };
		ABBFE071054B21CB07F99938 /* AppModel.swift */ = {isa = PBXFileReference; lastKnownFileType = sourcecode.swift; path = AppModel.swift; sourceTree = "<group>"; };
		B3ED530F1E72F3764FFE74E4 /* CoreAudio.framework */ = {isa = PBXFileReference; lastKnownFileType = wrapper.framework; name = CoreAudio.framework; path = System/Library/Frameworks/CoreAudio.framework; sourceTree = SDKROOT; };
		CCEBC4BD2E73E75021872F6F /* InputGuardApp.swift */ = {isa = PBXFileReference; lastKnownFileType = sourcecode.swift; path = InputGuardApp.swift; sourceTree = "<group>"; };
		D939A364DFFACD1B2A6CAE9F /* AudioDevice.swift */ = {isa = PBXFileReference; lastKnownFileType = sourcecode.swift; path = AudioDevice.swift; sourceTree = "<group>"; };
/* End PBXFileReference section */

/* Begin PBXFrameworksBuildPhase section */
		55C15F3FDE50011A9BD5755F /* Frameworks */ = {
			isa = PBXFrameworksBuildPhase;
			buildActionMask = 2147483647;
			files = (
				431F1FA65A5FDD02550DA83E /* CoreAudio.framework in Frameworks */,
				831D32F9C4C755960CFF7C47 /* ServiceManagement.framework in Frameworks */,
			);
			runOnlyForDeploymentPostprocessing = 0;
		};
/* End PBXFrameworksBuildPhase section */

/* Begin PBXGroup section */
		499E60D334AF1B40AC95D100 = {
			isa = PBXGroup;
			children = (
				52324B31F5D2B4DAF500EFA7 /* InputGuard */,
				C7D97DDEC78D4116B01E6CFD /* Frameworks */,
				746387E9BD8C7D78EC7BD0E4 /* Products */,
			);
			sourceTree = "<group>";
		};
		52324B31F5D2B4DAF500EFA7 /* InputGuard */ = {
			isa = PBXGroup;
			children = (
				ABBFE071054B21CB07F99938 /* AppModel.swift */,
				D939A364DFFACD1B2A6CAE9F /* AudioDevice.swift */,
				04A0FF023FD7FD47C679911F /* AudioDeviceController.swift */,
				44CD0B8DF028B73EBE8C5A66 /* Info.plist */,
				CCEBC4BD2E73E75021872F6F /* InputGuardApp.swift */,
				08742807782F36170F987343 /* MenuBarContent.swift */,
				1B875013B581A1E0F7D075B3 /* SettingsView.swift */,
			);
			path = InputGuard;
			sourceTree = "<group>";
		};
		746387E9BD8C7D78EC7BD0E4 /* Products */ = {
			isa = PBXGroup;
			children = (
				5F43BD3A590615E155B259B3 /* InputGuard.app */,
			);
			name = Products;
			sourceTree = "<group>";
		};
		C7D97DDEC78D4116B01E6CFD /* Frameworks */ = {
			isa = PBXGroup;
			children = (
				B3ED530F1E72F3764FFE74E4 /* CoreAudio.framework */,
				727B55211ED9839AC8293819 /* ServiceManagement.framework */,
			);
			name = Frameworks;
			sourceTree = "<group>";
		};
/* End PBXGroup section */

/* Begin PBXNativeTarget section */
		D2EE42F05F551C62A90A426A /* InputGuard */ = {
			isa = PBXNativeTarget;
			buildConfigurationList = 5AA237D4C5F91523DF913064 /* Build configuration list for PBXNativeTarget "InputGuard" */;
			buildPhases = (
				21F02E6B59158534F31866C1 /* Sources */,
				55C15F3FDE50011A9BD5755F /* Frameworks */,
			);
			buildRules = (
			);
			dependencies = (
			);
			name = InputGuard;
			productName = InputGuard;
			productReference = 5F43BD3A590615E155B259B3 /* InputGuard.app */;
			productType = "com.apple.product-type.application";
		};
/* End PBXNativeTarget section */

/* Begin PBXProject section */
		FE2CC02046410BC1C2408C52 /* Project object */ = {
			isa = PBXProject;
			attributes = {
				BuildIndependentTargetsInParallel = YES;
				LastUpgradeCheck = 1430;
				TargetAttributes = {
					D2EE42F05F551C62A90A426A = {
						ProvisioningStyle = Automatic;
					};
				};
			};
			buildConfigurationList = 53A7799E71612C77B63584F0 /* Build configuration list for PBXProject "InputGuard" */;
			compatibilityVersion = "Xcode 14.0";
			developmentRegion = en;
			hasScannedForEncodings = 0;
			knownRegions = (
				Base,
				en,
			);
			mainGroup = 499E60D334AF1B40AC95D100;
			projectDirPath = "";
			projectRoot = "";
			targets = (
				D2EE42F05F551C62A90A426A /* InputGuard */,
			);
		};
/* End PBXProject section */

/* Begin PBXSourcesBuildPhase section */
		21F02E6B59158534F31866C1 /* Sources */ = {
			isa = PBXSourcesBuildPhase;
			buildActionMask = 2147483647;
			files = (
				D1E9D720334AB7B89E4BF66A /* AppModel.swift in Sources */,
				E162EA722201F42F623EF25D /* AudioDevice.swift in Sources */,
				65842F2EAB5298249AC31930 /* AudioDeviceController.swift in Sources */,
				0E7B3F3B61806BA5BE647A07 /* InputGuardApp.swift in Sources */,
				AEA60A22D2D176413A43DEB4 /* MenuBarContent.swift in Sources */,
				82B5841E549B01EB4C9A824D /* SettingsView.swift in Sources */,
			);
			runOnlyForDeploymentPostprocessing = 0;
		};
/* End PBXSourcesBuildPhase section */

/* Begin XCBuildConfiguration section */
		2E0FA8091AFD3D71FB1CD2A7 /* Release */ = {
			isa = XCBuildConfiguration;
			buildSettings = {
				ASSETCATALOG_COMPILER_APPICON_NAME = AppIcon;
				CODE_SIGN_STYLE = Automatic;
				COMBINE_HIDPI_IMAGES = YES;
				DEAD_CODE_STRIPPING = YES;
				ENABLE_APP_SANDBOX = NO;
				ENABLE_HARDENED_RUNTIME = YES;
				GENERATE_INFOPLIST_FILE = NO;
				INFOPLIST_FILE = InputGuard/Info.plist;
				LD_RUNPATH_SEARCH_PATHS = (
					"$(inherited)",
					"@executable_path/../Frameworks",
				);
				PRODUCT_BUNDLE_IDENTIFIER = com.brendonovich.InputGuard;
				PRODUCT_NAME = "Input Guard";
				SDKROOT = macosx;
			};
			name = Release;
		};
		79411D7C22F9A71B4980A73B /* Debug */ = {
			isa = XCBuildConfiguration;
			buildSettings = {
				ASSETCATALOG_COMPILER_APPICON_NAME = AppIcon;
				CODE_SIGN_STYLE = Automatic;
				COMBINE_HIDPI_IMAGES = YES;
				DEAD_CODE_STRIPPING = YES;
				ENABLE_APP_SANDBOX = NO;
				ENABLE_HARDENED_RUNTIME = YES;
				GENERATE_INFOPLIST_FILE = NO;
				INFOPLIST_FILE = InputGuard/Info.plist;
				LD_RUNPATH_SEARCH_PATHS = (
					"$(inherited)",
					"@executable_path/../Frameworks",
				);
				PRODUCT_BUNDLE_IDENTIFIER = com.brendonovich.InputGuard;
				PRODUCT_NAME = "Input Guard";
				SDKROOT = macosx;
			};
			name = Debug;
		};
		87544E44E417147622E45E35 /* Debug */ = {
			isa = XCBuildConfiguration;
			buildSettings = {
				ALWAYS_SEARCH_USER_PATHS = NO;
				CLANG_ANALYZER_NONNULL = YES;
				CLANG_ANALYZER_NUMBER_OBJECT_CONVERSION = YES_AGGRESSIVE;
				CLANG_CXX_LANGUAGE_STANDARD = "gnu++14";
				CLANG_CXX_LIBRARY = "libc++";
				CLANG_ENABLE_MODULES = YES;
				CLANG_ENABLE_OBJC_ARC = YES;
				CLANG_ENABLE_OBJC_WEAK = YES;
				CLANG_WARN_BLOCK_CAPTURE_AUTORELEASING = YES;
				CLANG_WARN_BOOL_CONVERSION = YES;
				CLANG_WARN_COMMA = YES;
				CLANG_WARN_CONSTANT_CONVERSION = YES;
				CLANG_WARN_DEPRECATED_OBJC_IMPLEMENTATIONS = YES;
				CLANG_WARN_DIRECT_OBJC_ISA_USAGE = YES_ERROR;
				CLANG_WARN_DOCUMENTATION_COMMENTS = YES;
				CLANG_WARN_EMPTY_BODY = YES;
				CLANG_WARN_ENUM_CONVERSION = YES;
				CLANG_WARN_INFINITE_RECURSION = YES;
				CLANG_WARN_INT_CONVERSION = YES;
				CLANG_WARN_NON_LITERAL_NULL_CONVERSION = YES;
				CLANG_WARN_OBJC_IMPLICIT_RETAIN_SELF = YES;
				CLANG_WARN_OBJC_LITERAL_CONVERSION = YES;
				CLANG_WARN_OBJC_ROOT_CLASS = YES_ERROR;
				CLANG_WARN_QUOTED_INCLUDE_IN_FRAMEWORK_HEADER = YES;
				CLANG_WARN_RANGE_LOOP_ANALYSIS = YES;
				CLANG_WARN_STRICT_PROTOTYPES = YES;
				CLANG_WARN_SUSPICIOUS_MOVE = YES;
				CLANG_WARN_UNGUARDED_AVAILABILITY = YES_AGGRESSIVE;
				CLANG_WARN_UNREACHABLE_CODE = YES;
				CLANG_WARN__DUPLICATE_METHOD_MATCH = YES;
				COPY_PHASE_STRIP = NO;
				DEBUG_INFORMATION_FORMAT = dwarf;
				ENABLE_STRICT_OBJC_MSGSEND = YES;
				ENABLE_TESTABILITY = YES;
				GCC_C_LANGUAGE_STANDARD = gnu11;
				GCC_DYNAMIC_NO_PIC = NO;
				GCC_NO_COMMON_BLOCKS = YES;
				GCC_OPTIMIZATION_LEVEL = 0;
				GCC_PREPROCESSOR_DEFINITIONS = (
					"$(inherited)",
					"DEBUG=1",
				);
				GCC_WARN_64_TO_32_BIT_CONVERSION = YES;
				GCC_WARN_ABOUT_RETURN_TYPE = YES_ERROR;
				GCC_WARN_UNDECLARED_SELECTOR = YES;
				GCC_WARN_UNINITIALIZED_AUTOS = YES_AGGRESSIVE;
				GCC_WARN_UNUSED_FUNCTION = YES;
				GCC_WARN_UNUSED_VARIABLE = YES;
				MACOSX_DEPLOYMENT_TARGET = 14.0;
				MTL_ENABLE_DEBUG_INFO = INCLUDE_SOURCE;
				MTL_FAST_MATH = YES;
				ONLY_ACTIVE_ARCH = YES;
				PRODUCT_NAME = "$(TARGET_NAME)";
				SDKROOT = macosx;
				SWIFT_ACTIVE_COMPILATION_CONDITIONS = DEBUG;
				SWIFT_OPTIMIZATION_LEVEL = "-Onone";
				SWIFT_VERSION = 5.0;
			};
			name = Debug;
		};
		AE18D5CB3D3A97A48BB46AFB /* Release */ = {
			isa = XCBuildConfiguration;
			buildSettings = {
				ALWAYS_SEARCH_USER_PATHS = NO;
				CLANG_ANALYZER_NONNULL = YES;
				CLANG_ANALYZER_NUMBER_OBJECT_CONVERSION = YES_AGGRESSIVE;
				CLANG_CXX_LANGUAGE_STANDARD = "gnu++14";
				CLANG_CXX_LIBRARY = "libc++";
				CLANG_ENABLE_MODULES = YES;
				CLANG_ENABLE_OBJC_ARC = YES;
				CLANG_ENABLE_OBJC_WEAK = YES;
				CLANG_WARN_BLOCK_CAPTURE_AUTORELEASING = YES;
				CLANG_WARN_BOOL_CONVERSION = YES;
				CLANG_WARN_COMMA = YES;
				CLANG_WARN_CONSTANT_CONVERSION = YES;
				CLANG_WARN_DEPRECATED_OBJC_IMPLEMENTATIONS = YES;
				CLANG_WARN_DIRECT_OBJC_ISA_USAGE = YES_ERROR;
				CLANG_WARN_DOCUMENTATION_COMMENTS = YES;
				CLANG_WARN_EMPTY_BODY = YES;
				CLANG_WARN_ENUM_CONVERSION = YES;
				CLANG_WARN_INFINITE_RECURSION = YES;
				CLANG_WARN_INT_CONVERSION = YES;
				CLANG_WARN_NON_LITERAL_NULL_CONVERSION = YES;
				CLANG_WARN_OBJC_IMPLICIT_RETAIN_SELF = YES;
				CLANG_WARN_OBJC_LITERAL_CONVERSION = YES;
				CLANG_WARN_OBJC_ROOT_CLASS = YES_ERROR;
				CLANG_WARN_QUOTED_INCLUDE_IN_FRAMEWORK_HEADER = YES;
				CLANG_WARN_RANGE_LOOP_ANALYSIS = YES;
				CLANG_WARN_STRICT_PROTOTYPES = YES;
				CLANG_WARN_SUSPICIOUS_MOVE = YES;
				CLANG_WARN_UNGUARDED_AVAILABILITY = YES_AGGRESSIVE;
				CLANG_WARN_UNREACHABLE_CODE = YES;
				CLANG_WARN__DUPLICATE_METHOD_MATCH = YES;
				COPY_PHASE_STRIP = NO;
				DEBUG_INFORMATION_FORMAT = "dwarf-with-dsym";
				ENABLE_NS_ASSERTIONS = NO;
				ENABLE_STRICT_OBJC_MSGSEND = YES;
				GCC_C_LANGUAGE_STANDARD = gnu11;
				GCC_NO_COMMON_BLOCKS = YES;
				GCC_WARN_64_TO_32_BIT_CONVERSION = YES;
				GCC_WARN_ABOUT_RETURN_TYPE = YES_ERROR;
				GCC_WARN_UNDECLARED_SELECTOR = YES;
				GCC_WARN_UNINITIALIZED_AUTOS = YES_AGGRESSIVE;
				GCC_WARN_UNUSED_FUNCTION = YES;
				GCC_WARN_UNUSED_VARIABLE = YES;
				MACOSX_DEPLOYMENT_TARGET = 14.0;
				MTL_ENABLE_DEBUG_INFO = NO;
				MTL_FAST_MATH = YES;
				PRODUCT_NAME = "$(TARGET_NAME)";
				SDKROOT = macosx;
				SWIFT_COMPILATION_MODE = wholemodule;
				SWIFT_OPTIMIZATION_LEVEL = "-O";
				SWIFT_VERSION = 5.0;
			};
			name = Release;
		};
/* End XCBuildConfiguration section */

/* Begin XCConfigurationList section */
		53A7799E71612C77B63584F0 /* Build configuration list for PBXProject "InputGuard" */ = {
			isa = XCConfigurationList;
			buildConfigurations = (
				87544E44E417147622E45E35 /* Debug */,
				AE18D5CB3D3A97A48BB46AFB /* Release */,
			);
			defaultConfigurationIsVisible = 0;
			defaultConfigurationName = Debug;
		};
		5AA237D4C5F91523DF913064 /* Build configuration list for PBXNativeTarget "InputGuard" */ = {
			isa = XCConfigurationList;
			buildConfigurations = (
				79411D7C22F9A71B4980A73B /* Debug */,
				2E0FA8091AFD3D71FB1CD2A7 /* Release */,
			);
			defaultConfigurationIsVisible = 0;
			defaultConfigurationName = Debug;
		};
/* End XCConfigurationList section */
	};
	rootObject = FE2CC02046410BC1C2408C52 /* Project object */;
}
